{
  "nodes": {
    "check-and-compile": {
      "inputs": {
        "flake-utils": [
          "flake-utils"
        ],
        "nixpkgs": [
          "nixpkgs"
        ]
      },
      "locked": {
        "lastModified": 1713917613,
        "narHash": "sha256-0yP6W/7EFFW/wVhSXmQ0QvxyCHPx/BNsIJRKGnypzkw=",
        "owner": "wrsturgeon",
        "repo": "check-and-compile",
        "rev": "df629d5b4d0f0dbf32eddb6ab4752d1f486a905a",
        "type": "github"
      },
      "original": {
        "owner": "wrsturgeon",
        "repo": "check-and-compile",
        "type": "github"
      }
    },
    "flake-utils": {
      "inputs": {
        "systems": "systems"
      },
      "locked": {
        "lastModified": 1710146030,
        "narHash": "sha256-SZ5L6eA7HJ/nmkzGG7/ISclqe6oZdOZTNoesiInkXPQ=",
        "owner": "numtide",
        "repo": "flake-utils",
        "rev": "b1d9ab70662946ef0850d488da1c9019f3a9752a",
        "type": "github"
      },
      "original": {
        "owner": "numtide",
        "repo": "flake-utils",
        "type": "github"
      }
    },
    "nixfmt": {
      "inputs": {
        "flake-utils": [
          "flake-utils"
        ]
      },
      "locked": {
        "lastModified": 1713478555,
        "narHash": "sha256-Sdhv/YQxvF6OJeEY+iyg3f2p6XCankrYQffsxMajnGs=",
        "owner": "serokell",
        "repo": "nixfmt",
        "rev": "a8b578d124cfda7540957a2172f89aa12d99609f",
        "type": "github"
      },
      "original": {
        "owner": "serokell",
        "repo": "nixfmt",
        "type": "github"
      }
    },
    "nixpkgs": {
      "locked": {
        "lastModified": 1713714899,
        "narHash": "sha256-+z/XjO3QJs5rLE5UOf015gdVauVRQd2vZtsFkaXBq2Y=",
        "owner": "nixos",
        "repo": "nixpkgs",
        "rev": "6143fc5eeb9c4f00163267708e26191d1e918932",
        "type": "github"
      },
      "original": {
        "owner": "nixos",
        "ref": "nixos-unstable",
        "repo": "nixpkgs",
        "type": "github"
      }
    },
    "root": {
      "inputs": {
        "check-and-compile": "check-and-compile",
        "flake-utils": "flake-utils",
        "nixfmt": "nixfmt",
        "nixpkgs": "nixpkgs"
      }
    },
    "systems": {
      "locked": {
        "lastModified": 1681028828,
        "narHash": "sha256-Vy1rq5AaRuLzOxct8nz4T6wlgyUR7zLU309k9mBC768=",
        "owner": "nix-systems",
        "repo": "default",
        "rev": "da67096a3b9bf56a91d16901293e51ba5b49a27e",
        "type": "github"
      },
      "original": {
        "owner": "nix-systems",
        "repo": "default",
        "type": "github"
      }
    }
  },
  "root": "root",
  "version": 7
}
